
Microsoft Visual Studio Solution File, Format Version 12.00
# Visual Studio Version 17
VisualStudioVersion = 17.2.32516.85
MinimumVisualStudioVersion = 10.0.40219.1
Project("{9A19103F-16F7-4668-BE54-9A1E7A4F7556}") = "ProductAPI", "ProductAPI\ProductAPI.csproj", "{8DBAF776-024A-4FD0-8DE1-979193789622}"
EndProject
Project("{FAE04EC0-301F-11D3-BF4B-00C04F79EFBC}") = "ProductWebAPITest", "ProductWebAPITest\ProductWebAPITest.csproj", "{B847FCAB-D7E9-4068-B6B5-EF6DE804535D}"
EndProject
Global
	GlobalSection(SolutionConfigurationPlatforms) = preSolution
		Debug|Any CPU = Debug|Any CPU
		Release|Any CPU = Release|Any CPU
	EndGlobalSection
	GlobalSection(ProjectConfigurationPlatforms) = postSolution
		{8DBAF776-024A-4FD0-8DE1-979193789622}.Debug|Any CPU.ActiveCfg = Debug|Any CPU
		{8DBAF776-024A-4FD0-8DE1-979193789622}.Debug|Any CPU.Build.0 = Debug|Any CPU
		{8DBAF776-024A-4FD0-8DE1-979193789622}.Release|Any CPU.ActiveCfg = Release|Any CPU
		{8DBAF776-024A-4FD0-8DE1-979193789622}.Release|Any CPU.Build.0 = Release|Any CPU
		{B847FCAB-D7E9-4068-B6B5-EF6DE804535D}.Debug|Any CPU.ActiveCfg = Debug|Any CPU
		{B847FCAB-D7E9-4068-B6B5-EF6DE804535D}.Debug|Any CPU.Build.0 = Debug|Any CPU
		{B847FCAB-D7E9-4068-B6B5-EF6DE804535D}.Release|Any CPU.ActiveCfg = Release|Any CPU
		{B847FCAB-D7E9-4068-B6B5-EF6DE804535D}.Release|Any CPU.Build.0 = Release|Any CPU
	EndGlobalSection
	GlobalSection(SolutionProperties) = preSolution
		HideSolutionNode = FALSE
	EndGlobalSection
	GlobalSection(ExtensibilityGlobals) = postSolution
		SolutionGuid = {FCF6F3B6-9854-45FA-A1F5-4D62D2E91C47}
	EndGlobalSection
EndGlobal
